
Microsoft Visual Studio Solution File, Format Version 12.00
# Visual Studio Version 16
VisualStudioVersion = 16.0.33027.164
MinimumVisualStudioVersion = 10.0.40219.1
Project("{FAE04EC0-301F-11D3-BF4B-00C04F79EFBC}") = "JenkinsDemo", "JenkinsDemo\JenkinsDemo.csproj", "{18FDCD26-2641-45B3-8C54-456F63B79834}"
EndProject
Global
	GlobalSection(SolutionConfigurationPlatforms) = preSolution
		Debug|Any CPU = Debug|Any CPU
		Release|Any CPU = Release|Any CPU
	EndGlobalSection
	GlobalSection(ProjectConfigurationPlatforms) = postSolution
		{18FDCD26-2641-45B3-8C54-456F63B79834}.Debug|Any CPU.ActiveCfg = Debug|Any CPU
		{18FDCD26-2641-45B3-8C54-456F63B79834}.Debug|Any CPU.Build.0 = Debug|Any CPU
		{18FDCD26-2641-45B3-8C54-456F63B79834}.Release|Any CPU.ActiveCfg = Release|Any CPU
		{18FDCD26-2641-45B3-8C54-456F63B79834}.Release|Any CPU.Build.0 = Release|Any CPU
	EndGlobalSection
	GlobalSection(SolutionProperties) = preSolution
		HideSolutionNode = FALSE
	EndGlobalSection
	GlobalSection(ExtensibilityGlobals) = postSolution
		SolutionGuid = {14250178-3BBD-49FB-A0A4-A3A4A97856BE}
	EndGlobalSection
EndGlobal
